
Microsoft Visual Studio Solution File, Format Version 12.00
# Visual Studio 2013
VisualStudioVersion = 12.0.31101.0
MinimumVisualStudioVersion = 10.0.40219.1
Project("{FAE04EC0-301F-11D3-BF4B-00C04F79EFBC}") = "OurCounter", "OurCounter\OurCounter.csproj", "{F94C2097-86CE-4B42-B1F0-7F0351D4E461}"
EndProject
Project("{2150E333-8FDC-42A3-9474-1A3956D46DE8}") = "PublishScripts", "PublishScripts", "{5BBC18E7-2FF4-4AE2-B372-826482CF6676}"
	ProjectSection(SolutionItems) = preProject
		PublishScripts\AzureWebsitePublishModule.psm1 = PublishScripts\AzureWebsitePublishModule.psm1
		PublishScripts\Publish-WebApplicationWebsite.ps1 = PublishScripts\Publish-WebApplicationWebsite.ps1
	EndProjectSection
EndProject
Project("{2150E333-8FDC-42A3-9474-1A3956D46DE8}") = "Configurations", "Configurations", "{05547E35-9827-44E3-B9F4-8BD056458AB8}"
	ProjectSection(SolutionItems) = preProject
		PublishScripts\Configurations\OurCounter-WAWS-dev.json = PublishScripts\Configurations\OurCounter-WAWS-dev.json
	EndProjectSection
EndProject
Global
	GlobalSection(SolutionConfigurationPlatforms) = preSolution
		Debug|Any CPU = Debug|Any CPU
		Release|Any CPU = Release|Any CPU
	EndGlobalSection
	GlobalSection(ProjectConfigurationPlatforms) = postSolution
		{F94C2097-86CE-4B42-B1F0-7F0351D4E461}.Debug|Any CPU.ActiveCfg = Debug|Any CPU
		{F94C2097-86CE-4B42-B1F0-7F0351D4E461}.Debug|Any CPU.Build.0 = Debug|Any CPU
		{F94C2097-86CE-4B42-B1F0-7F0351D4E461}.Release|Any CPU.ActiveCfg = Release|Any CPU
		{F94C2097-86CE-4B42-B1F0-7F0351D4E461}.Release|Any CPU.Build.0 = Release|Any CPU
	EndGlobalSection
	GlobalSection(SolutionProperties) = preSolution
		HideSolutionNode = FALSE
	EndGlobalSection
	GlobalSection(NestedProjects) = preSolution
		{05547E35-9827-44E3-B9F4-8BD056458AB8} = {5BBC18E7-2FF4-4AE2-B372-826482CF6676}
	EndGlobalSection
EndGlobal
